{
  "version": 4,
  "terraform_version": "0.12.2",
  "serial": 18,
  "lineage": "14d11c53-a768-e1be-80f8-0c0d1f0ac2b5",
  "outputs": {},
  "resources": [
    {
      "module": "module.instances",
      "mode": "managed",
      "type": "aws_instance",
      "name": "web",
      "each": "list",
      "provider": "provider.aws",
      "instances": [
        {
          "index_key": 0,
          "schema_version": 1,
          "attributes": {
            "ami": "ami-0119aa4d67e59007c",
            "arn": "arn:aws:ec2:ap-southeast-2:216659404274:instance/i-0e04755095cd1f583",
            "associate_public_ip_address": false,
            "availability_zone": "ap-southeast-2a",
            "cpu_core_count": 1,
            "cpu_threads_per_core": 1,
            "credit_specification": [
              {
                "cpu_credits": "standard"
              }
            ],
            "disable_api_termination": false,
            "ebs_block_device": [],
            "ebs_optimized": false,
            "ephemeral_block_device": [],
            "get_password_data": false,
            "host_id": null,
            "iam_instance_profile": "",
            "id": "i-0e04755095cd1f583",
            "instance_initiated_shutdown_behavior": null,
            "instance_state": "running",
            "instance_type": "t2.micro",
            "ipv6_address_count": 0,
            "ipv6_addresses": [],
            "key_name": "test-terraform-vpc-provisioning",
            "monitoring": false,
            "network_interface": [],
            "network_interface_id": null,
            "password_data": "",
            "placement_group": "",
            "primary_network_interface_id": "eni-0c192700846ba93b8",
            "private_dns": "ip-10-0-5-38.ap-southeast-2.compute.internal",
            "private_ip": "10.0.5.38",
            "public_dns": "",
            "public_ip": "",
            "root_block_device": [
              {
                "delete_on_termination": true,
                "encrypted": false,
                "iops": 100,
                "kms_key_id": "",
                "volume_id": "vol-0930211af64dae1aa",
                "volume_size": 8,
                "volume_type": "gp2"
              }
            ],
            "security_groups": [
              "sg-04fd5820f090bfc12"
            ],
            "source_dest_check": true,
            "subnet_id": "subnet-0f9e1387b8c3f9b37",
            "tags": {
              "Name": "dockerzon-ecs-web01"
            },
            "tenancy": "default",
            "timeouts": null,
            "user_data": "879b5f734545b8e0156732843ac156136f726ff7",
            "user_data_base64": null,
            "volume_tags": {},
            "vpc_security_group_ids": [
              "sg-04fd5820f090bfc12"
            ]
          },
          "private": "eyJlMmJmYjczMC1lY2FhLTExZTYtOGY4OC0zNDM2M2JjN2M0YzAiOnsiY3JlYXRlIjo2MDAwMDAwMDAwMDAsImRlbGV0ZSI6MTIwMDAwMDAwMDAwMCwidXBkYXRlIjo2MDAwMDAwMDAwMDB9LCJzY2hlbWFfdmVyc2lvbiI6IjEifQ=="
        },
        {
          "index_key": 1,
          "schema_version": 1,
          "attributes": {
            "ami": "ami-0119aa4d67e59007c",
            "arn": "arn:aws:ec2:ap-southeast-2:216659404274:instance/i-00e4f721461ad77eb",
            "associate_public_ip_address": false,
            "availability_zone": "ap-southeast-2b",
            "cpu_core_count": 1,
            "cpu_threads_per_core": 1,
            "credit_specification": [
              {
                "cpu_credits": "standard"
              }
            ],
            "disable_api_termination": false,
            "ebs_block_device": [],
            "ebs_optimized": false,
            "ephemeral_block_device": [],
            "get_password_data": false,
            "host_id": null,
            "iam_instance_profile": "",
            "id": "i-00e4f721461ad77eb",
            "instance_initiated_shutdown_behavior": null,
            "instance_state": "running",
            "instance_type": "t2.micro",
            "ipv6_address_count": 0,
            "ipv6_addresses": [],
            "key_name": "test-terraform-vpc-provisioning",
            "monitoring": false,
            "network_interface": [],
            "network_interface_id": null,
            "password_data": "",
            "placement_group": "",
            "primary_network_interface_id": "eni-0ba02f60a55a748b7",
            "private_dns": "ip-10-0-4-233.ap-southeast-2.compute.internal",
            "private_ip": "10.0.4.233",
            "public_dns": "",
            "public_ip": "",
            "root_block_device": [
              {
                "delete_on_termination": true,
                "encrypted": false,
                "iops": 100,
                "kms_key_id": "",
                "volume_id": "vol-01edea3ac298ef5cb",
                "volume_size": 8,
                "volume_type": "gp2"
              }
            ],
            "security_groups": [
              "sg-04fd5820f090bfc12"
            ],
            "source_dest_check": true,
            "subnet_id": "subnet-0c040cafbde7f8409",
            "tags": {
              "Name": "dockerzon-ecs-web02"
            },
            "tenancy": "default",
            "timeouts": null,
            "user_data": "879b5f734545b8e0156732843ac156136f726ff7",
            "user_data_base64": null,
            "volume_tags": {},
            "vpc_security_group_ids": [
              "sg-04fd5820f090bfc12"
            ]
          },
          "private": "eyJlMmJmYjczMC1lY2FhLTExZTYtOGY4OC0zNDM2M2JjN2M0YzAiOnsiY3JlYXRlIjo2MDAwMDAwMDAwMDAsImRlbGV0ZSI6MTIwMDAwMDAwMDAwMCwidXBkYXRlIjo2MDAwMDAwMDAwMDB9LCJzY2hlbWFfdmVyc2lvbiI6IjEifQ=="
        }
      ]
    },
    {
      "mode": "managed",
      "type": "aws_internet_gateway",
      "name": "dockerzon-ecs-vpc-igw",
      "provider": "provider.aws",
      "instances": [
        {
          "schema_version": 0,
          "attributes": {
            "id": "igw-0ba25d8bfa791e715",
            "owner_id": "216659404274",
            "tags": {
              "Name": "dockerzon-ecs-vpc-igw"
            },
            "vpc_id": "vpc-0fc1568df86394a79"
          },
          "private": "bnVsbA==",
          "depends_on": [
            "aws_vpc.dockerzon-ecs-vpc"
          ]
        }
      ]
    },
    {
      "module": "module.alb",
      "mode": "managed",
      "type": "aws_lb",
      "name": "dockerzon-ecs-alb",
      "provider": "provider.aws",
      "instances": [
        {
          "schema_version": 0,
          "attributes": {
            "access_logs": [
              {
                "bucket": "",
                "enabled": false,
                "prefix": ""
              }
            ],
            "arn": "arn:aws:elasticloadbalancing:ap-southeast-2:216659404274:loadbalancer/app/dockerzon-ecs-alb/719e81efcfea8f2f",
            "arn_suffix": "app/dockerzon-ecs-alb/719e81efcfea8f2f",
            "dns_name": "dockerzon-ecs-alb-1211284702.ap-southeast-2.elb.amazonaws.com",
            "enable_cross_zone_load_balancing": null,
            "enable_deletion_protection": false,
            "enable_http2": true,
            "id": "arn:aws:elasticloadbalancing:ap-southeast-2:216659404274:loadbalancer/app/dockerzon-ecs-alb/719e81efcfea8f2f",
            "idle_timeout": 60,
            "internal": false,
            "ip_address_type": "ipv4",
            "load_balancer_type": "application",
            "name": "dockerzon-ecs-alb",
            "name_prefix": null,
            "security_groups": [
              "sg-04fd5820f090bfc12"
            ],
            "subnet_mapping": [
              {
                "allocation_id": "",
                "subnet_id": "subnet-05a87a7b6031c373e"
              },
              {
                "allocation_id": "",
                "subnet_id": "subnet-06729bf66c3ac6460"
              }
            ],
            "subnets": [
              "subnet-05a87a7b6031c373e",
              "subnet-06729bf66c3ac6460"
            ],
            "tags": {
              "Name": "dockerzon-ecs-alb"
            },
            "timeouts": null,
            "vpc_id": "vpc-0fc1568df86394a79",
            "zone_id": "Z1GM3OXH4ZPM65"
          },
          "private": "eyJlMmJmYjczMC1lY2FhLTExZTYtOGY4OC0zNDM2M2JjN2M0YzAiOnsiY3JlYXRlIjo2MDAwMDAwMDAwMDAsImRlbGV0ZSI6NjAwMDAwMDAwMDAwLCJ1cGRhdGUiOjYwMDAwMDAwMDAwMH19"
        }
      ]
    },
    {
      "module": "module.alb",
      "mode": "managed",
      "type": "aws_lb_listener",
      "name": "dockerzon-ecs-alb-listner",
      "provider": "provider.aws",
      "instances": [
        {
          "schema_version": 0,
          "attributes": {
            "arn": "arn:aws:elasticloadbalancing:ap-southeast-2:216659404274:listener/app/dockerzon-ecs-alb/719e81efcfea8f2f/8f3a30979be79d2e",
            "certificate_arn": null,
            "default_action": [
              {
                "authenticate_cognito": [],
                "authenticate_oidc": [],
                "fixed_response": [],
                "order": 1,
                "redirect": [],
                "target_group_arn": "arn:aws:elasticloadbalancing:ap-southeast-2:216659404274:targetgroup/dockerzon-ecs-lb-tg/0c7b4fc37aa45513",
                "type": "forward"
              }
            ],
            "id": "arn:aws:elasticloadbalancing:ap-southeast-2:216659404274:listener/app/dockerzon-ecs-alb/719e81efcfea8f2f/8f3a30979be79d2e",
            "load_balancer_arn": "arn:aws:elasticloadbalancing:ap-southeast-2:216659404274:loadbalancer/app/dockerzon-ecs-alb/719e81efcfea8f2f",
            "port": 80,
            "protocol": "HTTP",
            "ssl_policy": "",
            "timeouts": null
          },
          "private": "eyJlMmJmYjczMC1lY2FhLTExZTYtOGY4OC0zNDM2M2JjN2M0YzAiOnsicmVhZCI6NjAwMDAwMDAwMDAwfX0=",
          "depends_on": [
            "aws_lb.dockerzon-ecs-alb",
            "aws_lb_target_group.dockerzon-ecs-target-group"
          ]
        }
      ]
    },
    {
      "module": "module.alb",
      "mode": "managed",
      "type": "aws_lb_target_group",
      "name": "dockerzon-ecs-target-group",
      "provider": "provider.aws",
      "instances": [
        {
          "schema_version": 0,
          "attributes": {
            "arn": "arn:aws:elasticloadbalancing:ap-southeast-2:216659404274:targetgroup/dockerzon-ecs-lb-tg/0c7b4fc37aa45513",
            "arn_suffix": "targetgroup/dockerzon-ecs-lb-tg/0c7b4fc37aa45513",
            "deregistration_delay": 300,
            "health_check": [
              {
                "enabled": true,
                "healthy_threshold": 2,
                "interval": 6,
                "matcher": "200",
                "path": "/index.html",
                "port": "traffic-port",
                "protocol": "HTTP",
                "timeout": 5,
                "unhealthy_threshold": 3
              }
            ],
            "id": "arn:aws:elasticloadbalancing:ap-southeast-2:216659404274:targetgroup/dockerzon-ecs-lb-tg/0c7b4fc37aa45513",
            "lambda_multi_value_headers_enabled": false,
            "name": "dockerzon-ecs-lb-tg",
            "name_prefix": null,
            "port": 80,
            "protocol": "HTTP",
            "proxy_protocol_v2": false,
            "slow_start": 0,
            "stickiness": [
              {
                "cookie_duration": 86400,
                "enabled": false,
                "type": "lb_cookie"
              }
            ],
            "tags": {
              "Name": "dockerzon-ecs"
            },
            "target_type": "instance",
            "vpc_id": "vpc-0fc1568df86394a79"
          },
          "private": "bnVsbA=="
        }
      ]
    },
    {
      "module": "module.alb",
      "mode": "managed",
      "type": "aws_lb_target_group_attachment",
      "name": "dockerzon-ecs-alb-tg-attachment",
      "each": "list",
      "provider": "provider.aws",
      "instances": [
        {
          "index_key": 0,
          "schema_version": 0,
          "attributes": {
            "availability_zone": null,
            "id": "arn:aws:elasticloadbalancing:ap-southeast-2:216659404274:targetgroup/dockerzon-ecs-lb-tg/0c7b4fc37aa45513-20200115012152759500000002",
            "port": 80,
            "target_group_arn": "arn:aws:elasticloadbalancing:ap-southeast-2:216659404274:targetgroup/dockerzon-ecs-lb-tg/0c7b4fc37aa45513",
            "target_id": "i-0e04755095cd1f583"
          },
          "private": "bnVsbA==",
          "depends_on": [
            "aws_lb_target_group.dockerzon-ecs-target-group"
          ]
        },
        {
          "index_key": 1,
          "schema_version": 0,
          "attributes": {
            "availability_zone": null,
            "id": "arn:aws:elasticloadbalancing:ap-southeast-2:216659404274:targetgroup/dockerzon-ecs-lb-tg/0c7b4fc37aa45513-20200115012152727200000001",
            "port": 80,
            "target_group_arn": "arn:aws:elasticloadbalancing:ap-southeast-2:216659404274:targetgroup/dockerzon-ecs-lb-tg/0c7b4fc37aa45513",
            "target_id": "i-00e4f721461ad77eb"
          },
          "private": "bnVsbA==",
          "depends_on": [
            "aws_lb_target_group.dockerzon-ecs-target-group"
          ]
        }
      ]
    },
    {
      "mode": "managed",
      "type": "aws_route_table",
      "name": "dockerzon-ecs-vpc-public-route",
      "provider": "provider.aws",
      "instances": [
        {
          "schema_version": 0,
          "attributes": {
            "id": "rtb-02ca38032c890d5b5",
            "owner_id": "216659404274",
            "propagating_vgws": [],
            "route": [
              {
                "cidr_block": "",
                "egress_only_gateway_id": "",
                "gateway_id": "igw-0ba25d8bfa791e715",
                "instance_id": "",
                "ipv6_cidr_block": "::/0",
                "nat_gateway_id": "",
                "network_interface_id": "",
                "transit_gateway_id": "",
                "vpc_peering_connection_id": ""
              },
              {
                "cidr_block": "0.0.0.0/0",
                "egress_only_gateway_id": "",
                "gateway_id": "igw-0ba25d8bfa791e715",
                "instance_id": "",
                "ipv6_cidr_block": "",
                "nat_gateway_id": "",
                "network_interface_id": "",
                "transit_gateway_id": "",
                "vpc_peering_connection_id": ""
              }
            ],
            "tags": {
              "Name": "dockerzon-ecs-vpc-public-route"
            },
            "vpc_id": "vpc-0fc1568df86394a79"
          },
          "private": "bnVsbA==",
          "depends_on": [
            "aws_internet_gateway.dockerzon-ecs-vpc-igw",
            "aws_vpc.dockerzon-ecs-vpc"
          ]
        }
      ]
    },
    {
      "mode": "managed",
      "type": "aws_route_table_association",
      "name": "public-subnet-2a-route-link",
      "provider": "provider.aws",
      "instances": [
        {
          "schema_version": 0,
          "attributes": {
            "gateway_id": null,
            "id": "rtbassoc-0ecd8e8aca2cdee4d",
            "route_table_id": "rtb-02ca38032c890d5b5",
            "subnet_id": "subnet-05a87a7b6031c373e"
          },
          "private": "bnVsbA==",
          "depends_on": [
            "aws_route_table.dockerzon-ecs-vpc-public-route",
            "aws_subnet.public-subnet-2a"
          ]
        }
      ]
    },
    {
      "mode": "managed",
      "type": "aws_route_table_association",
      "name": "public-subnet-2b-route-link",
      "provider": "provider.aws",
      "instances": [
        {
          "schema_version": 0,
          "attributes": {
            "gateway_id": null,
            "id": "rtbassoc-04f67a4d5b0520933",
            "route_table_id": "rtb-02ca38032c890d5b5",
            "subnet_id": "subnet-06729bf66c3ac6460"
          },
          "private": "bnVsbA==",
          "depends_on": [
            "aws_route_table.dockerzon-ecs-vpc-public-route",
            "aws_subnet.public-subnet-2b"
          ]
        }
      ]
    },
    {
      "module": "module.instances-sg",
      "mode": "managed",
      "type": "aws_security_group",
      "name": "terraform-web-sg",
      "provider": "provider.aws",
      "instances": [
        {
          "schema_version": 1,
          "attributes": {
            "arn": "arn:aws:ec2:ap-southeast-2:216659404274:security-group/sg-04fd5820f090bfc12",
            "description": "Terraform experiment",
            "egress": [
              {
                "cidr_blocks": [
                  "0.0.0.0/0"
                ],
                "description": "",
                "from_port": 22,
                "ipv6_cidr_blocks": [],
                "prefix_list_ids": [],
                "protocol": "tcp",
                "security_groups": [],
                "self": false,
                "to_port": 22
              },
              {
                "cidr_blocks": [
                  "0.0.0.0/0"
                ],
                "description": "",
                "from_port": 80,
                "ipv6_cidr_blocks": [
                  "::/0"
                ],
                "prefix_list_ids": [],
                "protocol": "tcp",
                "security_groups": [],
                "self": false,
                "to_port": 80
              }
            ],
            "id": "sg-04fd5820f090bfc12",
            "ingress": [
              {
                "cidr_blocks": [
                  "0.0.0.0/0"
                ],
                "description": "",
                "from_port": 22,
                "ipv6_cidr_blocks": [],
                "prefix_list_ids": [],
                "protocol": "tcp",
                "security_groups": [],
                "self": false,
                "to_port": 22
              },
              {
                "cidr_blocks": [
                  "0.0.0.0/0"
                ],
                "description": "",
                "from_port": 80,
                "ipv6_cidr_blocks": [
                  "::/0"
                ],
                "prefix_list_ids": [],
                "protocol": "tcp",
                "security_groups": [],
                "self": false,
                "to_port": 80
              }
            ],
            "name": "terraform-web-sg",
            "name_prefix": null,
            "owner_id": "216659404274",
            "revoke_rules_on_delete": false,
            "tags": null,
            "timeouts": null,
            "vpc_id": "vpc-0fc1568df86394a79"
          },
          "private": "eyJlMmJmYjczMC1lY2FhLTExZTYtOGY4OC0zNDM2M2JjN2M0YzAiOnsiY3JlYXRlIjo2MDAwMDAwMDAwMDAsImRlbGV0ZSI6NjAwMDAwMDAwMDAwfSwic2NoZW1hX3ZlcnNpb24iOiIxIn0="
        }
      ]
    },
    {
      "mode": "managed",
      "type": "aws_subnet",
      "name": "private-subnet-2a",
      "provider": "provider.aws",
      "instances": [
        {
          "schema_version": 1,
          "attributes": {
            "arn": "arn:aws:ec2:ap-southeast-2:216659404274:subnet/subnet-0f9e1387b8c3f9b37",
            "assign_ipv6_address_on_creation": false,
            "availability_zone": "ap-southeast-2a",
            "availability_zone_id": "apse2-az3",
            "cidr_block": "10.0.5.0/24",
            "id": "subnet-0f9e1387b8c3f9b37",
            "ipv6_cidr_block": "",
            "ipv6_cidr_block_association_id": "",
            "map_public_ip_on_launch": false,
            "owner_id": "216659404274",
            "tags": {
              "Name": "10.0.5.0/ap-southeast-2a"
            },
            "timeouts": null,
            "vpc_id": "vpc-0fc1568df86394a79"
          },
          "private": "eyJlMmJmYjczMC1lY2FhLTExZTYtOGY4OC0zNDM2M2JjN2M0YzAiOnsiY3JlYXRlIjo2MDAwMDAwMDAwMDAsImRlbGV0ZSI6MTIwMDAwMDAwMDAwMH0sInNjaGVtYV92ZXJzaW9uIjoiMSJ9",
          "depends_on": [
            "aws_vpc.dockerzon-ecs-vpc"
          ]
        }
      ]
    },
    {
      "mode": "managed",
      "type": "aws_subnet",
      "name": "private-subnet-2b",
      "provider": "provider.aws",
      "instances": [
        {
          "schema_version": 1,
          "attributes": {
            "arn": "arn:aws:ec2:ap-southeast-2:216659404274:subnet/subnet-0c040cafbde7f8409",
            "assign_ipv6_address_on_creation": false,
            "availability_zone": "ap-southeast-2b",
            "availability_zone_id": "apse2-az1",
            "cidr_block": "10.0.4.0/24",
            "id": "subnet-0c040cafbde7f8409",
            "ipv6_cidr_block": "",
            "ipv6_cidr_block_association_id": "",
            "map_public_ip_on_launch": false,
            "owner_id": "216659404274",
            "tags": {
              "Name": "10.0.4.0/ap-southeast-2b"
            },
            "timeouts": null,
            "vpc_id": "vpc-0fc1568df86394a79"
          },
          "private": "eyJlMmJmYjczMC1lY2FhLTExZTYtOGY4OC0zNDM2M2JjN2M0YzAiOnsiY3JlYXRlIjo2MDAwMDAwMDAwMDAsImRlbGV0ZSI6MTIwMDAwMDAwMDAwMH0sInNjaGVtYV92ZXJzaW9uIjoiMSJ9",
          "depends_on": [
            "aws_vpc.dockerzon-ecs-vpc"
          ]
        }
      ]
    },
    {
      "mode": "managed",
      "type": "aws_subnet",
      "name": "public-subnet-2a",
      "provider": "provider.aws",
      "instances": [
        {
          "schema_version": 1,
          "attributes": {
            "arn": "arn:aws:ec2:ap-southeast-2:216659404274:subnet/subnet-05a87a7b6031c373e",
            "assign_ipv6_address_on_creation": false,
            "availability_zone": "ap-southeast-2a",
            "availability_zone_id": "apse2-az3",
            "cidr_block": "10.0.1.0/24",
            "id": "subnet-05a87a7b6031c373e",
            "ipv6_cidr_block": "",
            "ipv6_cidr_block_association_id": "",
            "map_public_ip_on_launch": true,
            "owner_id": "216659404274",
            "tags": {
              "Name": "10.0.1.0/ap-southeast-2a"
            },
            "timeouts": null,
            "vpc_id": "vpc-0fc1568df86394a79"
          },
          "private": "eyJlMmJmYjczMC1lY2FhLTExZTYtOGY4OC0zNDM2M2JjN2M0YzAiOnsiY3JlYXRlIjo2MDAwMDAwMDAwMDAsImRlbGV0ZSI6MTIwMDAwMDAwMDAwMH0sInNjaGVtYV92ZXJzaW9uIjoiMSJ9",
          "depends_on": [
            "aws_vpc.dockerzon-ecs-vpc"
          ]
        }
      ]
    },
    {
      "mode": "managed",
      "type": "aws_subnet",
      "name": "public-subnet-2b",
      "provider": "provider.aws",
      "instances": [
        {
          "schema_version": 1,
          "attributes": {
            "arn": "arn:aws:ec2:ap-southeast-2:216659404274:subnet/subnet-06729bf66c3ac6460",
            "assign_ipv6_address_on_creation": false,
            "availability_zone": "ap-southeast-2b",
            "availability_zone_id": "apse2-az1",
            "cidr_block": "10.0.3.0/24",
            "id": "subnet-06729bf66c3ac6460",
            "ipv6_cidr_block": "",
            "ipv6_cidr_block_association_id": "",
            "map_public_ip_on_launch": true,
            "owner_id": "216659404274",
            "tags": {
              "Name": "10.0.3.0/ap-southeast-2b"
            },
            "timeouts": null,
            "vpc_id": "vpc-0fc1568df86394a79"
          },
          "private": "eyJlMmJmYjczMC1lY2FhLTExZTYtOGY4OC0zNDM2M2JjN2M0YzAiOnsiY3JlYXRlIjo2MDAwMDAwMDAwMDAsImRlbGV0ZSI6MTIwMDAwMDAwMDAwMH0sInNjaGVtYV92ZXJzaW9uIjoiMSJ9",
          "depends_on": [
            "aws_vpc.dockerzon-ecs-vpc"
          ]
        }
      ]
    },
    {
      "mode": "managed",
      "type": "aws_vpc",
      "name": "dockerzon-ecs-vpc",
      "provider": "provider.aws",
      "instances": [
        {
          "schema_version": 1,
          "attributes": {
            "arn": "arn:aws:ec2:ap-southeast-2:216659404274:vpc/vpc-0fc1568df86394a79",
            "assign_generated_ipv6_cidr_block": false,
            "cidr_block": "10.0.0.0/16",
            "default_network_acl_id": "acl-008e4056f9450b641",
            "default_route_table_id": "rtb-09277c1a98f841b10",
            "default_security_group_id": "sg-060623fe15c467191",
            "dhcp_options_id": "dopt-77e7ba10",
            "enable_classiclink": false,
            "enable_classiclink_dns_support": false,
            "enable_dns_hostnames": false,
            "enable_dns_support": true,
            "id": "vpc-0fc1568df86394a79",
            "instance_tenancy": "default",
            "ipv6_association_id": "",
            "ipv6_cidr_block": "",
            "main_route_table_id": "rtb-09277c1a98f841b10",
            "owner_id": "216659404274",
            "tags": {
              "Name": "dockerzon-ecs-vpc",
              "app": "dockerzon-ecs",
              "env": "dev"
            }
          },
          "private": "eyJzY2hlbWFfdmVyc2lvbiI6IjEifQ=="
        }
      ]
    }
  ]
}
