{
  "version": 4,
  "terraform_version": "0.12.18",
  "serial": 10,
  "lineage": "0dd699db-205e-2d58-d840-defdd15cebc4",
  "outputs": {},
  "resources": [
    {
      "mode": "managed",
      "type": "aws_internet_gateway",
      "name": "dockerzon-ecs-vpc-igw",
      "provider": "provider.aws",
      "instances": [
        {
          "schema_version": 0,
          "attributes": {
            "id": "igw-024307a5bec106e77",
            "owner_id": "216659404274",
            "tags": {
              "Name": "dockerzon-ecs-vpc-igw"
            },
            "vpc_id": "vpc-0c8dfb97911324204"
          },
          "private": "bnVsbA==",
          "dependencies": [
            "aws_vpc.dockerzon-ecs-vpc"
          ]
        }
      ]
    },
    {
      "mode": "managed",
      "type": "aws_route_table",
      "name": "dockerzon-ecs-vpc-public-route",
      "provider": "provider.aws",
      "instances": [
        {
          "schema_version": 0,
          "attributes": {
            "id": "rtb-02b23d4717a2263f2",
            "owner_id": "216659404274",
            "propagating_vgws": [],
            "route": [
              {
                "cidr_block": "",
                "egress_only_gateway_id": "",
                "gateway_id": "igw-024307a5bec106e77",
                "instance_id": "",
                "ipv6_cidr_block": "::/0",
                "nat_gateway_id": "",
                "network_interface_id": "",
                "transit_gateway_id": "",
                "vpc_peering_connection_id": ""
              },
              {
                "cidr_block": "0.0.0.0/0",
                "egress_only_gateway_id": "",
                "gateway_id": "igw-024307a5bec106e77",
                "instance_id": "",
                "ipv6_cidr_block": "",
                "nat_gateway_id": "",
                "network_interface_id": "",
                "transit_gateway_id": "",
                "vpc_peering_connection_id": ""
              }
            ],
            "tags": {
              "Name": "dockerzon-ecs-vpc-public-route"
            },
            "vpc_id": "vpc-0c8dfb97911324204"
          },
          "private": "bnVsbA==",
          "dependencies": [
            "aws_internet_gateway.dockerzon-ecs-vpc-igw",
            "aws_vpc.dockerzon-ecs-vpc"
          ]
        }
      ]
    },
    {
      "mode": "managed",
      "type": "aws_route_table_association",
      "name": "public-subnet-2a-route-link",
      "provider": "provider.aws",
      "instances": [
        {
          "schema_version": 0,
          "attributes": {
            "gateway_id": null,
            "id": "rtbassoc-04dd4b20b5b17ad8a",
            "route_table_id": "rtb-02b23d4717a2263f2",
            "subnet_id": "subnet-0d2f33a67fd2fafdd"
          },
          "private": "bnVsbA==",
          "dependencies": [
            "aws_internet_gateway.dockerzon-ecs-vpc-igw",
            "aws_route_table.dockerzon-ecs-vpc-public-route",
            "aws_subnet.public-subnet-2a",
            "aws_vpc.dockerzon-ecs-vpc"
          ]
        }
      ]
    },
    {
      "mode": "managed",
      "type": "aws_route_table_association",
      "name": "public-subnet-2b-route-link",
      "provider": "provider.aws",
      "instances": [
        {
          "schema_version": 0,
          "attributes": {
            "gateway_id": null,
            "id": "rtbassoc-0bf03e6e8e779afce",
            "route_table_id": "rtb-02b23d4717a2263f2",
            "subnet_id": "subnet-09dbd04aef523cc8f"
          },
          "private": "bnVsbA==",
          "dependencies": [
            "aws_internet_gateway.dockerzon-ecs-vpc-igw",
            "aws_route_table.dockerzon-ecs-vpc-public-route",
            "aws_subnet.public-subnet-2b",
            "aws_vpc.dockerzon-ecs-vpc"
          ]
        }
      ]
    },
    {
      "mode": "managed",
      "type": "aws_subnet",
      "name": "private-subnet-2a",
      "provider": "provider.aws",
      "instances": [
        {
          "schema_version": 1,
          "attributes": {
            "arn": "arn:aws:ec2:ap-southeast-2:216659404274:subnet/subnet-0b7c60a2ef364280f",
            "assign_ipv6_address_on_creation": false,
            "availability_zone": "ap-southeast-2a",
            "availability_zone_id": "apse2-az3",
            "cidr_block": "10.0.5.0/24",
            "id": "subnet-0b7c60a2ef364280f",
            "ipv6_cidr_block": "",
            "ipv6_cidr_block_association_id": "",
            "map_public_ip_on_launch": false,
            "owner_id": "216659404274",
            "tags": {
              "Name": "10.0.5.0/ap-southeast-2a"
            },
            "timeouts": null,
            "vpc_id": "vpc-0c8dfb97911324204"
          },
          "private": "eyJlMmJmYjczMC1lY2FhLTExZTYtOGY4OC0zNDM2M2JjN2M0YzAiOnsiY3JlYXRlIjo2MDAwMDAwMDAwMDAsImRlbGV0ZSI6MTIwMDAwMDAwMDAwMH0sInNjaGVtYV92ZXJzaW9uIjoiMSJ9",
          "dependencies": [
            "aws_vpc.dockerzon-ecs-vpc"
          ]
        }
      ]
    },
    {
      "mode": "managed",
      "type": "aws_subnet",
      "name": "private-subnet-2b",
      "provider": "provider.aws",
      "instances": [
        {
          "schema_version": 1,
          "attributes": {
            "arn": "arn:aws:ec2:ap-southeast-2:216659404274:subnet/subnet-0d50ff82e398882b3",
            "assign_ipv6_address_on_creation": false,
            "availability_zone": "ap-southeast-2b",
            "availability_zone_id": "apse2-az1",
            "cidr_block": "10.0.4.0/24",
            "id": "subnet-0d50ff82e398882b3",
            "ipv6_cidr_block": "",
            "ipv6_cidr_block_association_id": "",
            "map_public_ip_on_launch": false,
            "owner_id": "216659404274",
            "tags": {
              "Name": "10.0.4.0/ap-southeast-2b"
            },
            "timeouts": null,
            "vpc_id": "vpc-0c8dfb97911324204"
          },
          "private": "eyJlMmJmYjczMC1lY2FhLTExZTYtOGY4OC0zNDM2M2JjN2M0YzAiOnsiY3JlYXRlIjo2MDAwMDAwMDAwMDAsImRlbGV0ZSI6MTIwMDAwMDAwMDAwMH0sInNjaGVtYV92ZXJzaW9uIjoiMSJ9",
          "dependencies": [
            "aws_vpc.dockerzon-ecs-vpc"
          ]
        }
      ]
    },
    {
      "mode": "managed",
      "type": "aws_subnet",
      "name": "public-subnet-2a",
      "provider": "provider.aws",
      "instances": [
        {
          "schema_version": 1,
          "attributes": {
            "arn": "arn:aws:ec2:ap-southeast-2:216659404274:subnet/subnet-0d2f33a67fd2fafdd",
            "assign_ipv6_address_on_creation": false,
            "availability_zone": "ap-southeast-2a",
            "availability_zone_id": "apse2-az3",
            "cidr_block": "10.0.1.0/24",
            "id": "subnet-0d2f33a67fd2fafdd",
            "ipv6_cidr_block": "",
            "ipv6_cidr_block_association_id": "",
            "map_public_ip_on_launch": true,
            "owner_id": "216659404274",
            "tags": {
              "Name": "10.0.1.0/ap-southeast-2a"
            },
            "timeouts": null,
            "vpc_id": "vpc-0c8dfb97911324204"
          },
          "private": "eyJlMmJmYjczMC1lY2FhLTExZTYtOGY4OC0zNDM2M2JjN2M0YzAiOnsiY3JlYXRlIjo2MDAwMDAwMDAwMDAsImRlbGV0ZSI6MTIwMDAwMDAwMDAwMH0sInNjaGVtYV92ZXJzaW9uIjoiMSJ9",
          "dependencies": [
            "aws_vpc.dockerzon-ecs-vpc"
          ]
        }
      ]
    },
    {
      "mode": "managed",
      "type": "aws_subnet",
      "name": "public-subnet-2b",
      "provider": "provider.aws",
      "instances": [
        {
          "schema_version": 1,
          "attributes": {
            "arn": "arn:aws:ec2:ap-southeast-2:216659404274:subnet/subnet-09dbd04aef523cc8f",
            "assign_ipv6_address_on_creation": false,
            "availability_zone": "ap-southeast-2b",
            "availability_zone_id": "apse2-az1",
            "cidr_block": "10.0.3.0/24",
            "id": "subnet-09dbd04aef523cc8f",
            "ipv6_cidr_block": "",
            "ipv6_cidr_block_association_id": "",
            "map_public_ip_on_launch": true,
            "owner_id": "216659404274",
            "tags": {
              "Name": "10.0.3.0/ap-southeast-2b"
            },
            "timeouts": null,
            "vpc_id": "vpc-0c8dfb97911324204"
          },
          "private": "eyJlMmJmYjczMC1lY2FhLTExZTYtOGY4OC0zNDM2M2JjN2M0YzAiOnsiY3JlYXRlIjo2MDAwMDAwMDAwMDAsImRlbGV0ZSI6MTIwMDAwMDAwMDAwMH0sInNjaGVtYV92ZXJzaW9uIjoiMSJ9",
          "dependencies": [
            "aws_vpc.dockerzon-ecs-vpc"
          ]
        }
      ]
    },
    {
      "mode": "managed",
      "type": "aws_vpc",
      "name": "dockerzon-ecs-vpc",
      "provider": "provider.aws",
      "instances": [
        {
          "schema_version": 1,
          "attributes": {
            "arn": "arn:aws:ec2:ap-southeast-2:216659404274:vpc/vpc-0c8dfb97911324204",
            "assign_generated_ipv6_cidr_block": false,
            "cidr_block": "10.0.0.0/16",
            "default_network_acl_id": "acl-0478eeb653312dec6",
            "default_route_table_id": "rtb-0580d0c091e0f3210",
            "default_security_group_id": "sg-070e42764b4efcad2",
            "dhcp_options_id": "dopt-77e7ba10",
            "enable_classiclink": false,
            "enable_classiclink_dns_support": false,
            "enable_dns_hostnames": false,
            "enable_dns_support": true,
            "id": "vpc-0c8dfb97911324204",
            "instance_tenancy": "default",
            "ipv6_association_id": "",
            "ipv6_cidr_block": "",
            "main_route_table_id": "rtb-0580d0c091e0f3210",
            "owner_id": "216659404274",
            "tags": {
              "Name": "dockerzon-ecs-vpc",
              "app": "dockerzon-ecs",
              "env": "dev"
            }
          },
          "private": "eyJzY2hlbWFfdmVyc2lvbiI6IjEifQ=="
        }
      ]
    }
  ]
}
