{
  "version": 4,
  "terraform_version": "0.12.18",
  "serial": 3,
  "lineage": "20aa511e-20f0-c03c-271f-4126b3425998",
  "outputs": {},
  "resources": [
    {
      "mode": "managed",
      "type": "aws_iam_service_linked_role",
      "name": "ecs-service-auto-scaling-role",
      "provider": "provider.aws",
      "instances": [
        {
          "schema_version": 0,
          "attributes": {
            "arn": "arn:aws:iam::216659404274:role/aws-service-role/autoscaling.amazonaws.com/AWSServiceRoleForAutoScaling",
            "aws_service_name": "autoscaling.amazonaws.com",
            "create_date": "2020-05-07T12:21:50Z",
            "custom_suffix": "",
            "description": "",
            "id": "arn:aws:iam::216659404274:role/aws-service-role/autoscaling.amazonaws.com/AWSServiceRoleForAutoScaling",
            "name": "AWSServiceRoleForAutoScaling",
            "path": "/aws-service-role/autoscaling.amazonaws.com/",
            "unique_id": "AROATE4PIEXZAFF44OUSU"
          },
          "private": "bnVsbA=="
        }
      ]
    }
  ]
}
