{
  "version": 4,
  "terraform_version": "0.12.18",
  "serial": 363,
  "lineage": "14d11c53-a768-e1be-80f8-0c0d1f0ac2b5",
  "outputs": {},
  "resources": [
    {
      "mode": "managed",
      "type": "aws_ecr_repository",
      "name": "dockerzon-express",
      "provider": "provider.aws",
      "instances": [
        {
          "schema_version": 0,
          "attributes": {
            "arn": "arn:aws:ecr:ap-southeast-2:216659404274:repository/dockerzon-express",
            "id": "dockerzon-express",
            "image_scanning_configuration": [
              {
                "scan_on_push": false
              }
            ],
            "image_tag_mutability": "MUTABLE",
            "name": "dockerzon-express",
            "registry_id": "216659404274",
            "repository_url": "216659404274.dkr.ecr.ap-southeast-2.amazonaws.com/dockerzon-express",
            "tags": {
              "Name": "dockerzon-express-ecr-repo"
            },
            "timeouts": null
          },
          "private": "eyJlMmJmYjczMC1lY2FhLTExZTYtOGY4OC0zNDM2M2JjN2M0YzAiOnsiZGVsZXRlIjoxMjAwMDAwMDAwMDAwfX0="
        }
      ]
    },
    {
      "mode": "managed",
      "type": "aws_ecr_repository",
      "name": "dockerzon-nginx",
      "provider": "provider.aws",
      "instances": [
        {
          "schema_version": 0,
          "attributes": {
            "arn": "arn:aws:ecr:ap-southeast-2:216659404274:repository/dockerzon-nginx",
            "id": "dockerzon-nginx",
            "image_scanning_configuration": [
              {
                "scan_on_push": false
              }
            ],
            "image_tag_mutability": "MUTABLE",
            "name": "dockerzon-nginx",
            "registry_id": "216659404274",
            "repository_url": "216659404274.dkr.ecr.ap-southeast-2.amazonaws.com/dockerzon-nginx",
            "tags": {
              "Name": "dockerzon-nginx-ecr-repo"
            },
            "timeouts": null
          },
          "private": "eyJlMmJmYjczMC1lY2FhLTExZTYtOGY4OC0zNDM2M2JjN2M0YzAiOnsiZGVsZXRlIjoxMjAwMDAwMDAwMDAwfX0="
        }
      ]
    },
    {
      "mode": "managed",
      "type": "aws_ecs_cluster",
      "name": "dockerzon",
      "provider": "provider.aws",
      "instances": [
        {
          "schema_version": 0,
          "attributes": {
            "arn": "arn:aws:ecs:ap-southeast-2:216659404274:cluster/dockerzon",
            "capacity_providers": null,
            "default_capacity_provider_strategy": [],
            "id": "arn:aws:ecs:ap-southeast-2:216659404274:cluster/dockerzon",
            "name": "dockerzon",
            "setting": [
              {
                "name": "containerInsights",
                "value": "disabled"
              }
            ],
            "tags": {
              "Name": "dockerzon-cluster"
            }
          },
          "private": "bnVsbA=="
        }
      ]
    },
    {
      "module": "module.instances",
      "mode": "managed",
      "type": "aws_iam_instance_profile",
      "name": "instance-profile",
      "provider": "provider.aws",
      "instances": [
        {
          "schema_version": 0,
          "attributes": {
            "arn": "arn:aws:iam::216659404274:instance-profile/dockerzon-instance-profile",
            "create_date": "2020-02-05T09:49:11Z",
            "id": "dockerzon-instance-profile",
            "name": "dockerzon-instance-profile",
            "name_prefix": null,
            "path": "/",
            "role": "dockerzon-instance-profile-role",
            "roles": [],
            "unique_id": "AIPATE4PIEXZCD3TB2QVL"
          },
          "private": "bnVsbA==",
          "dependencies": [
            "module.instances.aws_iam_role.instance-profile-role"
          ]
        }
      ]
    },
    {
      "module": "module.instances",
      "mode": "managed",
      "type": "aws_iam_policy_attachment",
      "name": "ecs-ec2",
      "provider": "provider.aws",
      "instances": [
        {
          "schema_version": 0,
          "attributes": {
            "groups": null,
            "id": "ecs-ec2",
            "name": "ecs-ec2",
            "policy_arn": "arn:aws:iam::aws:policy/service-role/AmazonEC2ContainerServiceforEC2Role",
            "roles": [
              "dockerzon-instance-profile-role"
            ],
            "users": null
          },
          "private": "bnVsbA==",
          "dependencies": [
            "module.instances.aws_iam_role.instance-profile-role"
          ]
        }
      ]
    },
    {
      "module": "module.instances",
      "mode": "managed",
      "type": "aws_iam_role",
      "name": "instance-profile-role",
      "provider": "provider.aws",
      "instances": [
        {
          "schema_version": 0,
          "attributes": {
            "arn": "arn:aws:iam::216659404274:role/dockerzon-instance-profile-role",
            "assume_role_policy": "{\"Version\":\"2012-10-17\",\"Statement\":[{\"Effect\":\"Allow\",\"Principal\":{\"Service\":\"ec2.amazonaws.com\"},\"Action\":\"sts:AssumeRole\"}]}",
            "create_date": "2020-02-05T09:49:09Z",
            "description": "",
            "force_detach_policies": false,
            "id": "dockerzon-instance-profile-role",
            "max_session_duration": 3600,
            "name": "dockerzon-instance-profile-role",
            "name_prefix": null,
            "path": "/",
            "permissions_boundary": null,
            "tags": {
              "Purpose": "Allow ec2 to contact ecs"
            },
            "unique_id": "AROATE4PIEXZBTOVF4RWT"
          },
          "private": "bnVsbA=="
        }
      ]
    },
    {
      "module": "module.instances",
      "mode": "managed",
      "type": "aws_instance",
      "name": "web",
      "each": "list",
      "provider": "provider.aws",
      "instances": []
    },
    {
      "module": "module.alb",
      "mode": "managed",
      "type": "aws_lb",
      "name": "dockerzon-lb",
      "provider": "provider.aws",
      "instances": [
        {
          "status": "tainted",
          "schema_version": 0,
          "attributes": {
            "access_logs": [],
            "arn": null,
            "arn_suffix": null,
            "dns_name": null,
            "enable_cross_zone_load_balancing": null,
            "enable_deletion_protection": false,
            "enable_http2": true,
            "id": "arn:aws:elasticloadbalancing:ap-southeast-2:216659404274:loadbalancer/app/dockerzon-lb-terraform/f2a2754df8a8ba5f",
            "idle_timeout": 60,
            "internal": false,
            "ip_address_type": "ipv4",
            "load_balancer_type": "application",
            "name": "dockerzon-lb-terraform",
            "name_prefix": null,
            "security_groups": [
              ""
            ],
            "subnet_mapping": [],
            "subnets": [
              "subnet-09dbd04aef523cc8f",
              "subnet-0b7c60a2ef364280f"
            ],
            "tags": {
              "Name": "dockerzon-lb-terraform"
            },
            "timeouts": null,
            "vpc_id": null,
            "zone_id": null
          },
          "private": "eyJlMmJmYjczMC1lY2FhLTExZTYtOGY4OC0zNDM2M2JjN2M0YzAiOnsiY3JlYXRlIjo2MDAwMDAwMDAwMDAsImRlbGV0ZSI6NjAwMDAwMDAwMDAwLCJ1cGRhdGUiOjYwMDAwMDAwMDAwMH19"
        }
      ]
    },
    {
      "module": "module.alb",
      "mode": "managed",
      "type": "aws_lb_listener",
      "name": "dockerzon-lb-listner",
      "provider": "provider.aws",
      "instances": []
    },
    {
      "module": "module.alb",
      "mode": "managed",
      "type": "aws_lb_target_group",
      "name": "dockerzon-lb-tg",
      "provider": "provider.aws",
      "instances": [
        {
          "schema_version": 0,
          "attributes": {
            "arn": "arn:aws:elasticloadbalancing:ap-southeast-2:216659404274:targetgroup/dockerzon-lb-tg/2c90fa4ba7d3f2f5",
            "arn_suffix": "targetgroup/dockerzon-lb-tg/2c90fa4ba7d3f2f5",
            "deregistration_delay": 300,
            "health_check": [
              {
                "enabled": true,
                "healthy_threshold": 2,
                "interval": 6,
                "matcher": "200",
                "path": "/index.html",
                "port": "traffic-port",
                "protocol": "HTTP",
                "timeout": 5,
                "unhealthy_threshold": 3
              }
            ],
            "id": "arn:aws:elasticloadbalancing:ap-southeast-2:216659404274:targetgroup/dockerzon-lb-tg/2c90fa4ba7d3f2f5",
            "lambda_multi_value_headers_enabled": false,
            "name": "dockerzon-lb-tg",
            "name_prefix": null,
            "port": 80,
            "protocol": "HTTP",
            "proxy_protocol_v2": false,
            "slow_start": 0,
            "stickiness": [
              {
                "cookie_duration": 86400,
                "enabled": false,
                "type": "lb_cookie"
              }
            ],
            "tags": {
              "Name": "dockerzon-lb-tg-terraform"
            },
            "target_type": "instance",
            "vpc_id": "vpc-0c8dfb97911324204"
          },
          "private": "bnVsbA=="
        }
      ]
    }
  ]
}
