{
  "version": 4,
  "terraform_version": "0.12.18",
  "serial": 353,
  "lineage": "14d11c53-a768-e1be-80f8-0c0d1f0ac2b5",
  "outputs": {},
  "resources": [
    {
      "mode": "managed",
      "type": "aws_ecs_cluster",
      "name": "dockerzon",
      "provider": "provider.aws",
      "instances": [
        {
          "schema_version": 0,
          "attributes": {
            "arn": "arn:aws:ecs:ap-southeast-2:216659404274:cluster/dockerzon",
            "capacity_providers": [],
            "default_capacity_provider_strategy": [],
            "id": "arn:aws:ecs:ap-southeast-2:216659404274:cluster/dockerzon",
            "name": "dockerzon",
            "setting": [
              {
                "name": "containerInsights",
                "value": "disabled"
              }
            ],
            "tags": {
              "Name": "dockerzon-cluster"
            }
          },
          "private": "bnVsbA=="
        }
      ]
    },
    {
      "module": "module.instances",
      "mode": "managed",
      "type": "aws_instance",
      "name": "web",
      "each": "list",
      "provider": "provider.aws",
      "instances": []
    }
  ]
}
