{
  "version": 4,
  "terraform_version": "0.12.18",
  "serial": 527,
  "lineage": "14d11c53-a768-e1be-80f8-0c0d1f0ac2b5",
  "outputs": {},
  "resources": [
    {
      "module": "module.instances",
      "mode": "managed",
      "type": "aws_iam_role",
      "name": "instance-profile-role",
      "provider": "provider.aws",
      "instances": [
        {
          "schema_version": 0,
          "attributes": {
            "arn": "arn:aws:iam::216659404274:role/dockerzon-instance-profile-role",
            "assume_role_policy": "{\"Version\":\"2012-10-17\",\"Statement\":[{\"Effect\":\"Allow\",\"Principal\":{\"Service\":\"ec2.amazonaws.com\"},\"Action\":\"sts:AssumeRole\"}]}",
            "create_date": "2020-02-18T12:02:57Z",
            "description": "",
            "force_detach_policies": false,
            "id": "dockerzon-instance-profile-role",
            "max_session_duration": 3600,
            "name": "dockerzon-instance-profile-role",
            "name_prefix": null,
            "path": "/",
            "permissions_boundary": null,
            "tags": {
              "Purpose": "Allow ec2 to contact ecs"
            },
            "unique_id": "AROATE4PIEXZALF6WCCXM"
          }
        }
      ]
    },
    {
      "module": "module.instances",
      "mode": "managed",
      "type": "aws_instance",
      "name": "web",
      "each": "list",
      "provider": "provider.aws",
      "instances": []
    }
  ]
}
